
Microsoft Visual Studio Solution File, Format Version 12.00
# Visual Studio Version 17
VisualStudioVersion = 17.0.31903.59
MinimumVisualStudioVersion = 10.0.40219.1
Project("{FAE04EC0-301F-11D3-BF4B-00C04F79EFBC}") = "Annotations.API", "Annotations.API\Annotations.API.csproj", "{ADCF5A69-D0B7-4FF5-BA10-6A53131F03C6}"
EndProject
Project("{FAE04EC0-301F-11D3-BF4B-00C04F79EFBC}") = "Annotations.Core", "Annotations.Core\Annotations.Core.csproj", "{826D1077-5E5B-43BD-B29A-52A5E188DE14}"
EndProject
Project("{FAE04EC0-301F-11D3-BF4B-00C04F79EFBC}") = "Annotations.API.Tests", "Annotations.API.Tests\Annotations.API.Tests.csproj", "{AEE9141E-7161-4A7A-A210-45ACEAEF6633}"
EndProject
Project("{FAE04EC0-301F-11D3-BF4B-00C04F79EFBC}") = "Annotations.Blazor", "Annotations.blazor\Annotations.Blazor.csproj", "{4E2B97C9-F2BB-4AF8-97BD-B25D89D4D2FC}"
EndProject
Global
	GlobalSection(SolutionConfigurationPlatforms) = preSolution
		Debug|Any CPU = Debug|Any CPU
		Release|Any CPU = Release|Any CPU
	EndGlobalSection
	GlobalSection(SolutionProperties) = preSolution
		HideSolutionNode = FALSE
	EndGlobalSection
	GlobalSection(ProjectConfigurationPlatforms) = postSolution
		{ADCF5A69-D0B7-4FF5-BA10-6A53131F03C6}.Debug|Any CPU.ActiveCfg = Debug|Any CPU
		{ADCF5A69-D0B7-4FF5-BA10-6A53131F03C6}.Debug|Any CPU.Build.0 = Debug|Any CPU
		{ADCF5A69-D0B7-4FF5-BA10-6A53131F03C6}.Release|Any CPU.ActiveCfg = Release|Any CPU
		{ADCF5A69-D0B7-4FF5-BA10-6A53131F03C6}.Release|Any CPU.Build.0 = Release|Any CPU
		{826D1077-5E5B-43BD-B29A-52A5E188DE14}.Debug|Any CPU.ActiveCfg = Debug|Any CPU
		{826D1077-5E5B-43BD-B29A-52A5E188DE14}.Debug|Any CPU.Build.0 = Debug|Any CPU
		{826D1077-5E5B-43BD-B29A-52A5E188DE14}.Release|Any CPU.ActiveCfg = Release|Any CPU
		{826D1077-5E5B-43BD-B29A-52A5E188DE14}.Release|Any CPU.Build.0 = Release|Any CPU
		{AEE9141E-7161-4A7A-A210-45ACEAEF6633}.Debug|Any CPU.ActiveCfg = Debug|Any CPU
		{AEE9141E-7161-4A7A-A210-45ACEAEF6633}.Debug|Any CPU.Build.0 = Debug|Any CPU
		{AEE9141E-7161-4A7A-A210-45ACEAEF6633}.Release|Any CPU.ActiveCfg = Release|Any CPU
		{AEE9141E-7161-4A7A-A210-45ACEAEF6633}.Release|Any CPU.Build.0 = Release|Any CPU
		{4E2B97C9-F2BB-4AF8-97BD-B25D89D4D2FC}.Debug|Any CPU.ActiveCfg = Debug|Any CPU
		{4E2B97C9-F2BB-4AF8-97BD-B25D89D4D2FC}.Debug|Any CPU.Build.0 = Debug|Any CPU
		{4E2B97C9-F2BB-4AF8-97BD-B25D89D4D2FC}.Release|Any CPU.ActiveCfg = Release|Any CPU
		{4E2B97C9-F2BB-4AF8-97BD-B25D89D4D2FC}.Release|Any CPU.Build.0 = Release|Any CPU
	EndGlobalSection
EndGlobal
