
Microsoft Visual Studio Solution File, Format Version 12.00
# Visual Studio Version 17
VisualStudioVersion = 17.0.31903.59
MinimumVisualStudioVersion = 10.0.40219.1
Project("{FAE04EC0-301F-11D3-BF4B-00C04F79EFBC}") = "Annotations.Blazor", "Annotations.Blazor\Annotations.Blazor.csproj", "{5261AB1F-E71F-4033-997F-193F5B06D869}"
EndProject
Project("{FAE04EC0-301F-11D3-BF4B-00C04F79EFBC}") = "Annotations.API", "Annotations.API\Annotations.API.csproj", "{ADCF5A69-D0B7-4FF5-BA10-6A53131F03C6}"
EndProject
Project("{FAE04EC0-301F-11D3-BF4B-00C04F79EFBC}") = "Annotations.API.Tests", "Annotations.API.Tests\Annotations.API.Tests.csproj", "{AEE9141E-7161-4A7A-A210-45ACEAEF6633}"
EndProject
Project("{FAE04EC0-301F-11D3-BF4B-00C04F79EFBC}") = "Annotations.Core", "Annotations.Core\Annotations.Core.csproj", "{826D1077-5E5B-43BD-B29A-52A5E188DE14}"
EndProject
Project("{FAE04EC0-301F-11D3-BF4B-00C04F79EFBC}") = "Annotations.Blazor.Tests", "Annotations.Blazor.Tests\Annotations.Blazor.Tests.csproj", "{00A6CBC9-C746-4368-858B-A72D37738228}"
EndProject
Project("{FAE04EC0-301F-11D3-BF4B-00C04F79EFBC}") = "Annotations.Blazor.Client", "Annotations.Blazor.Client\Annotations.Blazor.Client.csproj", "{0B10C7BE-EBF1-8251-2510-5C80053384A2}"
EndProject
Global
	GlobalSection(SolutionConfigurationPlatforms) = preSolution
		Debug|Any CPU = Debug|Any CPU
		Release|Any CPU = Release|Any CPU
	EndGlobalSection
	GlobalSection(ProjectConfigurationPlatforms) = postSolution
		{5261AB1F-E71F-4033-997F-193F5B06D869}.Debug|Any CPU.ActiveCfg = Debug|Any CPU
		{5261AB1F-E71F-4033-997F-193F5B06D869}.Debug|Any CPU.Build.0 = Debug|Any CPU
		{5261AB1F-E71F-4033-997F-193F5B06D869}.Release|Any CPU.ActiveCfg = Release|Any CPU
		{5261AB1F-E71F-4033-997F-193F5B06D869}.Release|Any CPU.Build.0 = Release|Any CPU
		{ADCF5A69-D0B7-4FF5-BA10-6A53131F03C6}.Debug|Any CPU.ActiveCfg = Debug|Any CPU
		{ADCF5A69-D0B7-4FF5-BA10-6A53131F03C6}.Debug|Any CPU.Build.0 = Debug|Any CPU
		{ADCF5A69-D0B7-4FF5-BA10-6A53131F03C6}.Release|Any CPU.ActiveCfg = Release|Any CPU
		{ADCF5A69-D0B7-4FF5-BA10-6A53131F03C6}.Release|Any CPU.Build.0 = Release|Any CPU
		{AEE9141E-7161-4A7A-A210-45ACEAEF6633}.Debug|Any CPU.ActiveCfg = Debug|Any CPU
		{AEE9141E-7161-4A7A-A210-45ACEAEF6633}.Debug|Any CPU.Build.0 = Debug|Any CPU
		{AEE9141E-7161-4A7A-A210-45ACEAEF6633}.Release|Any CPU.ActiveCfg = Release|Any CPU
		{AEE9141E-7161-4A7A-A210-45ACEAEF6633}.Release|Any CPU.Build.0 = Release|Any CPU
		{826D1077-5E5B-43BD-B29A-52A5E188DE14}.Debug|Any CPU.ActiveCfg = Debug|Any CPU
		{826D1077-5E5B-43BD-B29A-52A5E188DE14}.Debug|Any CPU.Build.0 = Debug|Any CPU
		{826D1077-5E5B-43BD-B29A-52A5E188DE14}.Release|Any CPU.ActiveCfg = Release|Any CPU
		{826D1077-5E5B-43BD-B29A-52A5E188DE14}.Release|Any CPU.Build.0 = Release|Any CPU
		{00A6CBC9-C746-4368-858B-A72D37738228}.Debug|Any CPU.ActiveCfg = Debug|Any CPU
		{00A6CBC9-C746-4368-858B-A72D37738228}.Debug|Any CPU.Build.0 = Debug|Any CPU
		{00A6CBC9-C746-4368-858B-A72D37738228}.Release|Any CPU.ActiveCfg = Release|Any CPU
		{00A6CBC9-C746-4368-858B-A72D37738228}.Release|Any CPU.Build.0 = Release|Any CPU
		{0B10C7BE-EBF1-8251-2510-5C80053384A2}.Debug|Any CPU.ActiveCfg = Debug|Any CPU
		{0B10C7BE-EBF1-8251-2510-5C80053384A2}.Debug|Any CPU.Build.0 = Debug|Any CPU
		{0B10C7BE-EBF1-8251-2510-5C80053384A2}.Release|Any CPU.ActiveCfg = Release|Any CPU
		{0B10C7BE-EBF1-8251-2510-5C80053384A2}.Release|Any CPU.Build.0 = Release|Any CPU
	EndGlobalSection
	GlobalSection(SolutionProperties) = preSolution
		HideSolutionNode = FALSE
	EndGlobalSection
	GlobalSection(ExtensibilityGlobals) = postSolution
		SolutionGuid = {3D4394BB-227A-4DE4-ADD7-76A49F0D47E8}
	EndGlobalSection
EndGlobal
